
Microsoft Visual Studio Solution File, Format Version 12.00
Project("{FAE04EC0-301F-11D3-BF4B-00C04F79EFBC}") = "WindowsFormsApp", "WindowsFormsApp\WindowsFormsApp.csproj", "{09302A83-6564-471A-8872-FF29381812CB}"
EndProject
Global
	GlobalSection(SolutionConfigurationPlatforms) = preSolution
		Debug|Any CPU = Debug|Any CPU
		Release|Any CPU = Release|Any CPU
	EndGlobalSection
	GlobalSection(ProjectConfigurationPlatforms) = postSolution
		{09302A83-6564-471A-8872-FF29381812CB}.Debug|Any CPU.ActiveCfg = Debug|Any CPU
		{09302A83-6564-471A-8872-FF29381812CB}.Debug|Any CPU.Build.0 = Debug|Any CPU
		{09302A83-6564-471A-8872-FF29381812CB}.Release|Any CPU.ActiveCfg = Release|Any CPU
		{09302A83-6564-471A-8872-FF29381812CB}.Release|Any CPU.Build.0 = Release|Any CPU
	EndGlobalSection
EndGlobal
